
Microsoft Visual Studio Solution File, Format Version 12.00
# Visual Studio 15
VisualStudioVersion = 15.0.27703.2026
MinimumVisualStudioVersion = 10.0.40219.1
Project("{FAE04EC0-301F-11D3-BF4B-00C04F79EFBC}") = "PracticaAreas", "PracticaAreas\PracticaAreas.csproj", "{AA0E5FC8-A680-4893-B4D9-07E6D55CCE1D}"
EndProject
Global
	GlobalSection(SolutionConfigurationPlatforms) = preSolution
		Debug|Any CPU = Debug|Any CPU
		Release|Any CPU = Release|Any CPU
	EndGlobalSection
	GlobalSection(ProjectConfigurationPlatforms) = postSolution
		{AA0E5FC8-A680-4893-B4D9-07E6D55CCE1D}.Debug|Any CPU.ActiveCfg = Debug|Any CPU
		{AA0E5FC8-A680-4893-B4D9-07E6D55CCE1D}.Debug|Any CPU.Build.0 = Debug|Any CPU
		{AA0E5FC8-A680-4893-B4D9-07E6D55CCE1D}.Release|Any CPU.ActiveCfg = Release|Any CPU
		{AA0E5FC8-A680-4893-B4D9-07E6D55CCE1D}.Release|Any CPU.Build.0 = Release|Any CPU
	EndGlobalSection
	GlobalSection(SolutionProperties) = preSolution
		HideSolutionNode = FALSE
	EndGlobalSection
	GlobalSection(ExtensibilityGlobals) = postSolution
		SolutionGuid = {492563E1-A0B5-4CC8-9551-BC7F5038EFE3}
	EndGlobalSection
EndGlobal
